
Microsoft Visual Studio Solution File, Format Version 12.00
# Visual Studio 14
VisualStudioVersion = 14.0.25420.1
MinimumVisualStudioVersion = 10.0.40219.1
Project("{FAE04EC0-301F-11D3-BF4B-00C04F79EFBC}") = "Comforthuse", "Comforthuse\Comforthuse.csproj", "{472DA718-9FDF-4775-AE40-C09076AE1E51}"
EndProject
Project("{FAE04EC0-301F-11D3-BF4B-00C04F79EFBC}") = "ComforthuseUserstoryTests", "ComforthuseUserstoryTests\ComforthuseUserstoryTests.csproj", "{F805854B-A8DE-4F67-8D3D-893A0C76A0E6}"
EndProject
Project("{FAE04EC0-301F-11D3-BF4B-00C04F79EFBC}") = "EmployeeGUI", "EmployeeGUI\EmployeeGUI.csproj", "{E4E9D042-F631-496C-88EF-3ED295946B54}"
EndProject
Global
	GlobalSection(SolutionConfigurationPlatforms) = preSolution
		Debug|Any CPU = Debug|Any CPU
		Release|Any CPU = Release|Any CPU
	EndGlobalSection
	GlobalSection(ProjectConfigurationPlatforms) = postSolution
		{472DA718-9FDF-4775-AE40-C09076AE1E51}.Debug|Any CPU.ActiveCfg = Release|Any CPU
		{472DA718-9FDF-4775-AE40-C09076AE1E51}.Debug|Any CPU.Build.0 = Release|Any CPU
		{472DA718-9FDF-4775-AE40-C09076AE1E51}.Release|Any CPU.ActiveCfg = Release|Any CPU
		{472DA718-9FDF-4775-AE40-C09076AE1E51}.Release|Any CPU.Build.0 = Release|Any CPU
		{F805854B-A8DE-4F67-8D3D-893A0C76A0E6}.Debug|Any CPU.ActiveCfg = Release|Any CPU
		{F805854B-A8DE-4F67-8D3D-893A0C76A0E6}.Debug|Any CPU.Build.0 = Release|Any CPU
		{F805854B-A8DE-4F67-8D3D-893A0C76A0E6}.Release|Any CPU.ActiveCfg = Release|Any CPU
		{F805854B-A8DE-4F67-8D3D-893A0C76A0E6}.Release|Any CPU.Build.0 = Release|Any CPU
		{E4E9D042-F631-496C-88EF-3ED295946B54}.Debug|Any CPU.ActiveCfg = Release|Any CPU
		{E4E9D042-F631-496C-88EF-3ED295946B54}.Debug|Any CPU.Build.0 = Release|Any CPU
		{E4E9D042-F631-496C-88EF-3ED295946B54}.Release|Any CPU.ActiveCfg = Release|Any CPU
		{E4E9D042-F631-496C-88EF-3ED295946B54}.Release|Any CPU.Build.0 = Release|Any CPU
	EndGlobalSection
	GlobalSection(SolutionProperties) = preSolution
		HideSolutionNode = FALSE
	EndGlobalSection
EndGlobal
